
Microsoft Visual Studio Solution File, Format Version 12.00
# Visual Studio 15
VisualStudioVersion = 15.0.26430.4
MinimumVisualStudioVersion = 10.0.40219.1
Project("{8BC9CEB8-8B4A-11D0-8D11-00A0C91BC942}") = "ECSE", "ECSE\ECSE.vcxproj", "{8E417687-094F-4865-AABE-CEBDCAB9E30F}"
EndProject
Project("{8BC9CEB8-8B4A-11D0-8D11-00A0C91BC942}") = "Documentation", "Documentation\Documentation.vcxproj", "{0D9F8718-5B69-41FF-9ADA-755DE202EC9A}"
EndProject
Project("{8BC9CEB8-8B4A-11D0-8D11-00A0C91BC942}") = "ECSETest", "ECSETest\ECSETest.vcxproj", "{C4CED68D-9844-47BD-8D88-11066C6B4C13}"
	ProjectSection(ProjectDependencies) = postProject
		{8E417687-094F-4865-AABE-CEBDCAB9E30F} = {8E417687-094F-4865-AABE-CEBDCAB9E30F}
	EndProjectSection
EndProject
Project("{2150E333-8FDC-42A3-9474-1A3956D46DE8}") = "Examples", "Examples", "{71E02549-4750-438C-8037-5633CA8E0C01}"
EndProject
Project("{2150E333-8FDC-42A3-9474-1A3956D46DE8}") = "Engine", "Engine", "{D06097A3-3D5E-4B56-B582-70B0EEEC8E2A}"
EndProject
Project("{8BC9CEB8-8B4A-11D0-8D11-00A0C91BC942}") = "Simple Example", "Simple Example\Simple Example.vcxproj", "{0E4D2500-C874-40C2-857B-7A0DC5DDD59A}"
	ProjectSection(ProjectDependencies) = postProject
		{8E417687-094F-4865-AABE-CEBDCAB9E30F} = {8E417687-094F-4865-AABE-CEBDCAB9E30F}
	EndProjectSection
EndProject
Project("{8BC9CEB8-8B4A-11D0-8D11-00A0C91BC942}") = "Circle Collisions", "Circle Collisions\Circle Collisions.vcxproj", "{62C42243-943E-4FE1-97BA-307A06F80B04}"
	ProjectSection(ProjectDependencies) = postProject
		{8E417687-094F-4865-AABE-CEBDCAB9E30F} = {8E417687-094F-4865-AABE-CEBDCAB9E30F}
	EndProjectSection
EndProject
Project("{8BC9CEB8-8B4A-11D0-8D11-00A0C91BC942}") = "Bouncing Balls", "Bouncing Balls\Bouncing Balls.vcxproj", "{D30B0303-3288-48AF-9482-8AB6CEDBD366}"
	ProjectSection(ProjectDependencies) = postProject
		{8E417687-094F-4865-AABE-CEBDCAB9E30F} = {8E417687-094F-4865-AABE-CEBDCAB9E30F}
	EndProjectSection
EndProject
Project("{8BC9CEB8-8B4A-11D0-8D11-00A0C91BC942}") = "Replay Demo", "Replay Demo\Replay Demo.vcxproj", "{75F63F03-49A3-464C-A400-87C3F736D889}"
EndProject
Global
	GlobalSection(SolutionConfigurationPlatforms) = preSolution
		Debug (No Iterator Debugging)|Win32 = Debug (No Iterator Debugging)|Win32
		Debug|Win32 = Debug|Win32
		Doxygen|Win32 = Doxygen|Win32
		Release|Win32 = Release|Win32
	EndGlobalSection
	GlobalSection(ProjectConfigurationPlatforms) = postSolution
		{8E417687-094F-4865-AABE-CEBDCAB9E30F}.Debug (No Iterator Debugging)|Win32.ActiveCfg = Debug (No Iterator Debugging)|Win32
		{8E417687-094F-4865-AABE-CEBDCAB9E30F}.Debug (No Iterator Debugging)|Win32.Build.0 = Debug (No Iterator Debugging)|Win32
		{8E417687-094F-4865-AABE-CEBDCAB9E30F}.Debug|Win32.ActiveCfg = Debug|Win32
		{8E417687-094F-4865-AABE-CEBDCAB9E30F}.Debug|Win32.Build.0 = Debug|Win32
		{8E417687-094F-4865-AABE-CEBDCAB9E30F}.Doxygen|Win32.ActiveCfg = Debug|Win32
		{8E417687-094F-4865-AABE-CEBDCAB9E30F}.Doxygen|Win32.Build.0 = Debug|Win32
		{8E417687-094F-4865-AABE-CEBDCAB9E30F}.Release|Win32.ActiveCfg = Release|Win32
		{8E417687-094F-4865-AABE-CEBDCAB9E30F}.Release|Win32.Build.0 = Release|Win32
		{0D9F8718-5B69-41FF-9ADA-755DE202EC9A}.Debug (No Iterator Debugging)|Win32.ActiveCfg = Doxygen|Win32
		{0D9F8718-5B69-41FF-9ADA-755DE202EC9A}.Debug|Win32.ActiveCfg = Doxygen|Win32
		{0D9F8718-5B69-41FF-9ADA-755DE202EC9A}.Doxygen|Win32.ActiveCfg = Doxygen|Win32
		{0D9F8718-5B69-41FF-9ADA-755DE202EC9A}.Doxygen|Win32.Build.0 = Doxygen|Win32
		{0D9F8718-5B69-41FF-9ADA-755DE202EC9A}.Doxygen|Win32.Deploy.0 = Doxygen|Win32
		{0D9F8718-5B69-41FF-9ADA-755DE202EC9A}.Release|Win32.ActiveCfg = Doxygen|Win32
		{C4CED68D-9844-47BD-8D88-11066C6B4C13}.Debug (No Iterator Debugging)|Win32.ActiveCfg = Debug (No Iterator Debugging)|Win32
		{C4CED68D-9844-47BD-8D88-11066C6B4C13}.Debug (No Iterator Debugging)|Win32.Build.0 = Debug (No Iterator Debugging)|Win32
		{C4CED68D-9844-47BD-8D88-11066C6B4C13}.Debug|Win32.ActiveCfg = Debug|Win32
		{C4CED68D-9844-47BD-8D88-11066C6B4C13}.Debug|Win32.Build.0 = Debug|Win32
		{C4CED68D-9844-47BD-8D88-11066C6B4C13}.Doxygen|Win32.ActiveCfg = Debug|Win32
		{C4CED68D-9844-47BD-8D88-11066C6B4C13}.Doxygen|Win32.Build.0 = Debug|Win32
		{C4CED68D-9844-47BD-8D88-11066C6B4C13}.Release|Win32.ActiveCfg = Release|Win32
		{C4CED68D-9844-47BD-8D88-11066C6B4C13}.Release|Win32.Build.0 = Release|Win32
		{0E4D2500-C874-40C2-857B-7A0DC5DDD59A}.Debug (No Iterator Debugging)|Win32.ActiveCfg = Debug (No Iterator Debugging)|Win32
		{0E4D2500-C874-40C2-857B-7A0DC5DDD59A}.Debug (No Iterator Debugging)|Win32.Build.0 = Debug (No Iterator Debugging)|Win32
		{0E4D2500-C874-40C2-857B-7A0DC5DDD59A}.Debug|Win32.ActiveCfg = Debug|Win32
		{0E4D2500-C874-40C2-857B-7A0DC5DDD59A}.Debug|Win32.Build.0 = Debug|Win32
		{0E4D2500-C874-40C2-857B-7A0DC5DDD59A}.Doxygen|Win32.ActiveCfg = Debug (No Iterator Debugging)|Win32
		{0E4D2500-C874-40C2-857B-7A0DC5DDD59A}.Doxygen|Win32.Build.0 = Debug (No Iterator Debugging)|Win32
		{0E4D2500-C874-40C2-857B-7A0DC5DDD59A}.Release|Win32.ActiveCfg = Release|Win32
		{0E4D2500-C874-40C2-857B-7A0DC5DDD59A}.Release|Win32.Build.0 = Release|Win32
		{62C42243-943E-4FE1-97BA-307A06F80B04}.Debug (No Iterator Debugging)|Win32.ActiveCfg = Debug (No Iterator Debugging)|Win32
		{62C42243-943E-4FE1-97BA-307A06F80B04}.Debug (No Iterator Debugging)|Win32.Build.0 = Debug (No Iterator Debugging)|Win32
		{62C42243-943E-4FE1-97BA-307A06F80B04}.Debug|Win32.ActiveCfg = Debug|Win32
		{62C42243-943E-4FE1-97BA-307A06F80B04}.Debug|Win32.Build.0 = Debug|Win32
		{62C42243-943E-4FE1-97BA-307A06F80B04}.Doxygen|Win32.ActiveCfg = Debug (No Iterator Debugging)|Win32
		{62C42243-943E-4FE1-97BA-307A06F80B04}.Doxygen|Win32.Build.0 = Debug (No Iterator Debugging)|Win32
		{62C42243-943E-4FE1-97BA-307A06F80B04}.Release|Win32.ActiveCfg = Release|Win32
		{62C42243-943E-4FE1-97BA-307A06F80B04}.Release|Win32.Build.0 = Release|Win32
		{D30B0303-3288-48AF-9482-8AB6CEDBD366}.Debug (No Iterator Debugging)|Win32.ActiveCfg = Debug (No Iterator Debugging)|Win32
		{D30B0303-3288-48AF-9482-8AB6CEDBD366}.Debug (No Iterator Debugging)|Win32.Build.0 = Debug (No Iterator Debugging)|Win32
		{D30B0303-3288-48AF-9482-8AB6CEDBD366}.Debug|Win32.ActiveCfg = Debug|Win32
		{D30B0303-3288-48AF-9482-8AB6CEDBD366}.Debug|Win32.Build.0 = Debug|Win32
		{D30B0303-3288-48AF-9482-8AB6CEDBD366}.Doxygen|Win32.ActiveCfg = Debug|Win32
		{D30B0303-3288-48AF-9482-8AB6CEDBD366}.Doxygen|Win32.Build.0 = Debug|Win32
		{D30B0303-3288-48AF-9482-8AB6CEDBD366}.Release|Win32.ActiveCfg = Release|Win32
		{D30B0303-3288-48AF-9482-8AB6CEDBD366}.Release|Win32.Build.0 = Release|Win32
		{75F63F03-49A3-464C-A400-87C3F736D889}.Debug (No Iterator Debugging)|Win32.ActiveCfg = Debug (No Iterator Debugging)|Win32
		{75F63F03-49A3-464C-A400-87C3F736D889}.Debug (No Iterator Debugging)|Win32.Build.0 = Debug (No Iterator Debugging)|Win32
		{75F63F03-49A3-464C-A400-87C3F736D889}.Debug|Win32.ActiveCfg = Debug|Win32
		{75F63F03-49A3-464C-A400-87C3F736D889}.Debug|Win32.Build.0 = Debug|Win32
		{75F63F03-49A3-464C-A400-87C3F736D889}.Doxygen|Win32.ActiveCfg = Debug (No Iterator Debugging)|Win32
		{75F63F03-49A3-464C-A400-87C3F736D889}.Doxygen|Win32.Build.0 = Debug (No Iterator Debugging)|Win32
		{75F63F03-49A3-464C-A400-87C3F736D889}.Release|Win32.ActiveCfg = Release|Win32
		{75F63F03-49A3-464C-A400-87C3F736D889}.Release|Win32.Build.0 = Release|Win32
	EndGlobalSection
	GlobalSection(SolutionProperties) = preSolution
		HideSolutionNode = FALSE
	EndGlobalSection
	GlobalSection(NestedProjects) = preSolution
		{8E417687-094F-4865-AABE-CEBDCAB9E30F} = {D06097A3-3D5E-4B56-B582-70B0EEEC8E2A}
		{0D9F8718-5B69-41FF-9ADA-755DE202EC9A} = {D06097A3-3D5E-4B56-B582-70B0EEEC8E2A}
		{C4CED68D-9844-47BD-8D88-11066C6B4C13} = {D06097A3-3D5E-4B56-B582-70B0EEEC8E2A}
		{0E4D2500-C874-40C2-857B-7A0DC5DDD59A} = {71E02549-4750-438C-8037-5633CA8E0C01}
		{62C42243-943E-4FE1-97BA-307A06F80B04} = {71E02549-4750-438C-8037-5633CA8E0C01}
		{D30B0303-3288-48AF-9482-8AB6CEDBD366} = {71E02549-4750-438C-8037-5633CA8E0C01}
		{75F63F03-49A3-464C-A400-87C3F736D889} = {71E02549-4750-438C-8037-5633CA8E0C01}
	EndGlobalSection
EndGlobal
