<?xml version="1.0" encoding="utf-8"?>
<Project ToolsVersion="4.0" xmlns="http://schemas.microsoft.com/developer/msbuild/2003">
  <ItemGroup>
    <Filter Include="Source Files">
      <UniqueIdentifier>{4FC737F1-C7A5-4376-A066-2A32D752A2FF}</UniqueIdentifier>
      <Extensions>cpp;c;cc;cxx;def;odl;idl;hpj;bat;asm;asmx</Extensions>
    </Filter>
    <Filter Include="Resource Files">
      <UniqueIdentifier>{67DA6AB6-F800-4c08-8B7A-83BB121AAD01}</UniqueIdentifier>
      <Extensions>rc;ico;cur;bmp;dlg;rc2;rct;bin;rgs;gif;jpg;jpeg;jpe;resx;tiff;tif;png;wav;mfcribbon-ms</Extensions>
    </Filter>
    <Filter Include="Engine">
      <UniqueIdentifier>{cb5114fa-a3f9-4e1e-9875-dc153d98ac7f}</UniqueIdentifier>
    </Filter>
    <Filter Include="Source Files\Engine">
      <UniqueIdentifier>{b669a54e-83fd-4317-bc5a-f9814e0b2ef7}</UniqueIdentifier>
    </Filter>
    <Filter Include="Source Files\Graphics">
      <UniqueIdentifier>{8a95e4c3-82ab-4e42-bc09-3a94602dfa29}</UniqueIdentifier>
    </Filter>
    <Filter Include="Source Files\Engine\World">
      <UniqueIdentifier>{cdf1c0ff-6b92-49ec-9787-97b8a77a1d19}</UniqueIdentifier>
    </Filter>
    <Filter Include="Source Files\Engine\Entity">
      <UniqueIdentifier>{7229a59d-282f-4cdf-90e4-40e350cc0f79}</UniqueIdentifier>
    </Filter>
    <Filter Include="Source Files\Engine\Component">
      <UniqueIdentifier>{c04936ae-d59b-49ce-ae0a-e31b014a36c0}</UniqueIdentifier>
    </Filter>
    <Filter Include="Source Files\Logging">
      <UniqueIdentifier>{77f1e9fc-6ab3-4aa0-8444-006c12418fc7}</UniqueIdentifier>
    </Filter>
    <Filter Include="Source Files\Engine\System">
      <UniqueIdentifier>{6652997e-a3a9-42a7-8e56-0e9d4ca77c9d}</UniqueIdentifier>
    </Filter>
    <Filter Include="Source Files\Engine\Util">
      <UniqueIdentifier>{d9b1a7dc-bb1d-411c-a871-9d874205bc50}</UniqueIdentifier>
    </Filter>
    <Filter Include="Source Files\Engine\State">
      <UniqueIdentifier>{f203a9c1-74f2-4ffb-bf69-4388b1239516}</UniqueIdentifier>
    </Filter>
    <Filter Include="Source Files\Magnaut">
      <UniqueIdentifier>{1515cb1b-20b9-4746-9e68-894071b70aeb}</UniqueIdentifier>
    </Filter>
    <Filter Include="Source Files\Engine\Resource">
      <UniqueIdentifier>{457795f4-07fc-43b1-9341-ddb843768948}</UniqueIdentifier>
    </Filter>
    <Filter Include="Source Files\Engine\Component\Base">
      <UniqueIdentifier>{2445c8c7-4abb-496f-8b8f-ceacc0165c12}</UniqueIdentifier>
    </Filter>
    <Filter Include="Source Files\Engine\Component\Implementation">
      <UniqueIdentifier>{d17a30bc-3ec6-438e-946e-122c8b5c79b6}</UniqueIdentifier>
    </Filter>
    <Filter Include="Source Files\Engine\System\Base">
      <UniqueIdentifier>{09455084-dede-45a2-be0d-774c09142f3f}</UniqueIdentifier>
    </Filter>
    <Filter Include="Source Files\Engine\System\Implementation">
      <UniqueIdentifier>{9d8adbcf-9b2f-471c-a340-9f01edf751e9}</UniqueIdentifier>
    </Filter>
  </ItemGroup>
  <ItemGroup>
    <ClCompile Include="Engine.cpp">
      <Filter>Source Files\Engine</Filter>
    </ClCompile>
    <ClCompile Include="Spritemap.cpp">
      <Filter>Source Files\Graphics</Filter>
    </ClCompile>
    <ClCompile Include="World.cpp">
      <Filter>Source Files\Engine\World</Filter>
    </ClCompile>
    <ClCompile Include="Entity.cpp">
      <Filter>Source Files\Engine\Entity</Filter>
    </ClCompile>
    <ClCompile Include="EntityManager.cpp">
      <Filter>Source Files\Engine\Entity</Filter>
    </ClCompile>
    <ClCompile Include="Logging.cpp">
      <Filter>Source Files\Logging</Filter>
    </ClCompile>
    <ClCompile Include="AnimationSet.cpp">
      <Filter>Source Files\Graphics</Filter>
    </ClCompile>
    <ClCompile Include="Resources.cpp">
      <Filter>Source Files\Engine\Resource</Filter>
    </ClCompile>
    <ClCompile Include="Common.cpp">
      <Filter>Source Files\Engine\Util</Filter>
    </ClCompile>
    <ClCompile Include="main.cpp">
      <Filter>Source Files\Magnaut</Filter>
    </ClCompile>
    <ClCompile Include="WorldState.cpp">
      <Filter>Source Files\Engine\State</Filter>
    </ClCompile>
    <ClCompile Include="System.cpp">
      <Filter>Source Files\Engine\System\Base</Filter>
    </ClCompile>
  </ItemGroup>
  <ItemGroup>
    <ClInclude Include="Spritemap.h">
      <Filter>Source Files\Graphics</Filter>
    </ClInclude>
    <ClInclude Include="World.h">
      <Filter>Source Files\Engine\World</Filter>
    </ClInclude>
    <ClInclude Include="Engine.h">
      <Filter>Source Files\Engine</Filter>
    </ClInclude>
    <ClInclude Include="Entity.h">
      <Filter>Source Files\Engine\Entity</Filter>
    </ClInclude>
    <ClInclude Include="EntityManager.h">
      <Filter>Source Files\Engine\Entity</Filter>
    </ClInclude>
    <ClInclude Include="Logging.h">
      <Filter>Source Files\Logging</Filter>
    </ClInclude>
    <ClInclude Include="easylogging++.h">
      <Filter>Source Files\Logging</Filter>
    </ClInclude>
    <ClInclude Include="AnimationSet.h">
      <Filter>Source Files\Graphics</Filter>
    </ClInclude>
    <ClInclude Include="Resources.h">
      <Filter>Source Files\Engine\Resource</Filter>
    </ClInclude>
    <ClInclude Include="ResourceManager.h">
      <Filter>Source Files\Engine\Resource</Filter>
    </ClInclude>
    <ClInclude Include="Pool.h">
      <Filter>Source Files\Engine\Util</Filter>
    </ClInclude>
    <ClInclude Include="Common.h">
      <Filter>Source Files\Engine\Util</Filter>
    </ClInclude>
    <ClInclude Include="State.h">
      <Filter>Source Files\Engine\State</Filter>
    </ClInclude>
    <ClInclude Include="VectorMath.h">
      <Filter>Source Files\Engine\Util</Filter>
    </ClInclude>
    <ClInclude Include="ComponentManager.h">
      <Filter>Source Files\Engine\Component\Base</Filter>
    </ClInclude>
    <ClInclude Include="Component.h">
      <Filter>Source Files\Engine\Component\Base</Filter>
    </ClInclude>
    <ClInclude Include="TransformComponent.h">
      <Filter>Source Files\Engine\Component\Implementation</Filter>
    </ClInclude>
    <ClInclude Include="WorldState.h">
      <Filter>Source Files\Engine\State</Filter>
    </ClInclude>
    <ClInclude Include="SetSystem.h">
      <Filter>Source Files\Engine\System\Base</Filter>
    </ClInclude>
    <ClInclude Include="System.h">
      <Filter>Source Files\Engine\System\Base</Filter>
    </ClInclude>
  </ItemGroup>
</Project>