<?xml version="1.0" encoding="utf-8"?>
<Project ToolsVersion="4.0" xmlns="http://schemas.microsoft.com/developer/msbuild/2003">
  <ItemGroup>
    <ClCompile Include="main.cpp" />
    <ClCompile Include="Bindings.cpp">
      <Filter>Bindings</Filter>
    </ClCompile>
    <ClCompile Include="ReplayDemo.cpp" />
    <ClCompile Include="ControllableBall.cpp">
      <Filter>Controllable Ball</Filter>
    </ClCompile>
  </ItemGroup>
  <ItemGroup>
    <Filter Include="Bindings">
      <UniqueIdentifier>{937c8c44-96c3-4f16-80a4-9a6948b576de}</UniqueIdentifier>
    </Filter>
    <Filter Include="Controllable Ball">
      <UniqueIdentifier>{946ec099-5b0f-48ed-b0fb-7f287337c2ae}</UniqueIdentifier>
    </Filter>
  </ItemGroup>
  <ItemGroup>
    <ClInclude Include="Bindings.h">
      <Filter>Bindings</Filter>
    </ClInclude>
    <ClInclude Include="ReplayDemo.h" />
    <ClInclude Include="ControllableBall.h">
      <Filter>Controllable Ball</Filter>
    </ClInclude>
  </ItemGroup>
</Project>